
Microsoft Visual Studio Solution File, Format Version 12.00
# Visual Studio 15
VisualStudioVersion = 15.0.26730.3
MinimumVisualStudioVersion = 10.0.40219.1
Project("{FAE04EC0-301F-11D3-BF4B-00C04F79EFBC}") = "PosAsp", "PosAsp\PosAsp.csproj", "{8D013CA6-5E60-45C3-B74E-F3D1499EF145}"
EndProject
Project("{FAE04EC0-301F-11D3-BF4B-00C04F79EFBC}") = "PosAsp.Tests", "PosAsp.Tests\PosAsp.Tests.csproj", "{F9F70AC4-233C-4188-9C3F-202B9725ED48}"
EndProject
Global
	GlobalSection(SolutionConfigurationPlatforms) = preSolution
		Debug|Any CPU = Debug|Any CPU
		Release|Any CPU = Release|Any CPU
	EndGlobalSection
	GlobalSection(ProjectConfigurationPlatforms) = postSolution
		{8D013CA6-5E60-45C3-B74E-F3D1499EF145}.Debug|Any CPU.ActiveCfg = Debug|Any CPU
		{8D013CA6-5E60-45C3-B74E-F3D1499EF145}.Debug|Any CPU.Build.0 = Debug|Any CPU
		{8D013CA6-5E60-45C3-B74E-F3D1499EF145}.Release|Any CPU.ActiveCfg = Release|Any CPU
		{8D013CA6-5E60-45C3-B74E-F3D1499EF145}.Release|Any CPU.Build.0 = Release|Any CPU
		{F9F70AC4-233C-4188-9C3F-202B9725ED48}.Debug|Any CPU.ActiveCfg = Debug|Any CPU
		{F9F70AC4-233C-4188-9C3F-202B9725ED48}.Debug|Any CPU.Build.0 = Debug|Any CPU
		{F9F70AC4-233C-4188-9C3F-202B9725ED48}.Release|Any CPU.ActiveCfg = Release|Any CPU
		{F9F70AC4-233C-4188-9C3F-202B9725ED48}.Release|Any CPU.Build.0 = Release|Any CPU
	EndGlobalSection
	GlobalSection(SolutionProperties) = preSolution
		HideSolutionNode = FALSE
	EndGlobalSection
	GlobalSection(ExtensibilityGlobals) = postSolution
		SolutionGuid = {FBAF25CA-057F-4F84-9009-71EB659B7B6B}
	EndGlobalSection
EndGlobal
